
Microsoft Visual Studio Solution File, Format Version 12.00
# Visual Studio Version 17
VisualStudioVersion = 17.3.32929.385
MinimumVisualStudioVersion = 10.0.40219.1
Project("{FAE04EC0-301F-11D3-BF4B-00C04F79EFBC}") = "chessGraphics", "chessGraphics\chessGraphics.csproj", "{E78FEB68-FB29-42FD-B780-FFF1D04E7AAD}"
EndProject
Global
	GlobalSection(SolutionConfigurationPlatforms) = preSolution
		Debug|Any CPU = Debug|Any CPU
		Release|Any CPU = Release|Any CPU
	EndGlobalSection
	GlobalSection(ProjectConfigurationPlatforms) = postSolution
		{E78FEB68-FB29-42FD-B780-FFF1D04E7AAD}.Debug|Any CPU.ActiveCfg = Debug|Any CPU
		{E78FEB68-FB29-42FD-B780-FFF1D04E7AAD}.Debug|Any CPU.Build.0 = Debug|Any CPU
		{E78FEB68-FB29-42FD-B780-FFF1D04E7AAD}.Release|Any CPU.ActiveCfg = Release|Any CPU
		{E78FEB68-FB29-42FD-B780-FFF1D04E7AAD}.Release|Any CPU.Build.0 = Release|Any CPU
	EndGlobalSection
	GlobalSection(SolutionProperties) = preSolution
		HideSolutionNode = FALSE
	EndGlobalSection
	GlobalSection(ExtensibilityGlobals) = postSolution
		SolutionGuid = {4D10FFED-F36C-4B82-902F-27C5BD1845C3}
	EndGlobalSection
EndGlobal
